schema: '2.0'
stages:
  autolabel:
    cmd: python scripts/01_autolabel.py
    deps:
    - path: configs/autolabel.yaml
      hash: md5
      md5: e14f72dd0ca2a95adefda3081cea2528
      size: 1279
    - path: data/raw/incoming
      hash: md5
      md5: 6ffbaaad7b4ac6e1afabed19a80b2560.dir
      size: 0
      nfiles: 1
    - path: scripts/01_autolabel.py
      hash: md5
      md5: 9947396addb8229fb89d4b296d7a2e41
      size: 7398
    outs:
    - path: data/labeled/labelme_json/auto_accepted
      hash: md5
      md5: d751713988987e9331980363e24189ce.dir
      size: 0
      nfiles: 0
    - path: data/labeled/labelme_json/needs_review
      hash: md5
      md5: d751713988987e9331980363e24189ce.dir
      size: 0
      nfiles: 0
  convert:
    cmd: python scripts/02_convert_labelme_to_yolo.py
    deps:
    - path: configs/autolabel.yaml
      hash: md5
      md5: e14f72dd0ca2a95adefda3081cea2528
      size: 1279
    - path: data/labeled/labelme_json/auto_accepted
      hash: md5
      md5: d751713988987e9331980363e24189ce.dir
      size: 0
      nfiles: 0
    - path: data/labeled/labelme_json/reviewed
      hash: md5
      md5: 07da93e2eb11f71cf0779edb435993a2.dir
      size: 81932386
      nfiles: 59
    - path: scripts/02_convert_labelme_to_yolo.py
      hash: md5
      md5: 6e01e261a6c1411aed8f7b6d77595902
      size: 6528
    outs:
    - path: data/labeled/yolo_txt
      hash: md5
      md5: 5e36312c35d6e91488997bc615c4632d.dir
      size: 120147374
      nfiles: 58
  merge:
    cmd: python scripts/03_merge_and_version.py --prev v1.1 --new v1.2 --no-dvc 
      --no-tag
    deps:
    - path: configs/autolabel.yaml
      hash: md5
      md5: e14f72dd0ca2a95adefda3081cea2528
      size: 1279
    - path: data/labeled/yolo_txt
      hash: md5
      md5: 5e36312c35d6e91488997bc615c4632d.dir
      size: 120147374
      nfiles: 58
    - path: scripts/03_merge_and_version.py
      hash: md5
      md5: 852f587e4055fd06233dcf163b14d7c3
      size: 9556
    params:
      params.yaml:
        versions.new: v1.2
        versions.prev: v1.1
    outs:
    - path: data/datasets/v1.2
      hash: md5
      md5: 1b4688d00f155a6d7fe7586c91a031cb.dir
      size: 245306635
      nfiles: 119
  train:
    cmd: python scripts/04_train.py --data data/datasets/v1.2/data.yaml
    deps:
    - path: configs/training.yaml
      hash: md5
      md5: eb2ad2796f350baa56b6d18ea816ece0
      size: 791
    - path: data/datasets/v1.2
      hash: md5
      md5: 1b4688d00f155a6d7fe7586c91a031cb.dir
      size: 245306635
      nfiles: 119
    - path: scripts/04_train.py
      hash: md5
      md5: d822b47219540dec9b3c44e5bee942a2
      size: 5114
    params:
      params.yaml:
        versions.new: v1.2
    outs:
    - path: models/v1.2/best.pt
      hash: md5
      md5: c67902ea913d0ef435b7c50b67784890
      size: 5455450
  evaluate:
    cmd: python scripts/05_evaluate.py --new models/v1.2/best.pt --metrics-out 
      runs/evaluate/v1.2.json
    deps:
    - path: configs/training.yaml
      hash: md5
      md5: eb2ad2796f350baa56b6d18ea816ece0
      size: 791
    - path: data/datasets/holdout_test
      hash: md5
      md5: 87f296c28c1cb67e7ea64627e8944884.dir
      size: 47043601
      nfiles: 23
    - path: models/v1.2/best.pt
      hash: md5
      md5: c67902ea913d0ef435b7c50b67784890
      size: 5455450
    - path: scripts/05_evaluate.py
      hash: md5
      md5: 29db7b8e649cb598576324a137b10433
      size: 4531
    params:
      params.yaml:
        versions.new: v1.2
    outs:
    - path: runs/evaluate/v1.2.json
      hash: md5
      md5: 33b31f3c46a5acece323ceafa276426b
      size: 461
