schema: '2.0'
stages:
  autolabel:
    cmd: python scripts/01_autolabel.py
    deps:
    - path: configs/autolabel.yaml
      hash: md5
      md5: e14f72dd0ca2a95adefda3081cea2528
      size: 1279
    - path: data/raw/incoming
      hash: md5
      md5: 6ffbaaad7b4ac6e1afabed19a80b2560.dir
      size: 0
      nfiles: 1
    - path: scripts/01_autolabel.py
      hash: md5
      md5: 3fb6a6cfe5201e0afbe305215d267f02
      size: 8507
    outs:
    - path: data/labeled/labelme_json/auto_accepted
      hash: md5
      md5: d751713988987e9331980363e24189ce.dir
      size: 0
      nfiles: 0
    - path: data/labeled/labelme_json/needs_review
      hash: md5
      md5: d751713988987e9331980363e24189ce.dir
      size: 0
      nfiles: 0
  convert:
    cmd: python scripts/02_convert_labelme_to_yolo.py
    deps:
    - path: configs/autolabel.yaml
      hash: md5
      md5: e14f72dd0ca2a95adefda3081cea2528
      size: 1279
    - path: data/labeled/labelme_json/auto_accepted
      hash: md5
      md5: d751713988987e9331980363e24189ce.dir
      size: 0
      nfiles: 0
    - path: data/labeled/labelme_json/reviewed
      hash: md5
      md5: 177d4fe53cb6558ac1b57f4b3f1bb6fb.dir
      size: 48137741
      nfiles: 20
    - path: scripts/02_convert_labelme_to_yolo.py
      hash: md5
      md5: 6d19d49c6b7cb931dd2952a34ea7ad79
      size: 6715
    outs:
    - path: data/labeled/yolo_txt
      hash: md5
      md5: eefbf685b792aa34d4c0afef6d8e12bf.dir
      size: 44810927
      nfiles: 20
  merge:
    cmd: python scripts/03_merge_and_version.py --prev v1.5 --new v1.6 --no-dvc 
      --no-tag
    deps:
    - path: configs/autolabel.yaml
      hash: md5
      md5: e14f72dd0ca2a95adefda3081cea2528
      size: 1279
    - path: data/labeled/yolo_txt
      hash: md5
      md5: eefbf685b792aa34d4c0afef6d8e12bf.dir
      size: 44810927
      nfiles: 20
    - path: scripts/03_merge_and_version.py
      hash: md5
      md5: 852f587e4055fd06233dcf163b14d7c3
      size: 9556
    params:
      params.yaml:
        versions.new: v1.6
        versions.prev: v1.5
    outs:
    - path: data/datasets/v1.6
      hash: md5
      md5: 3baab416b634c04cb7acb5de575ca6e9.dir
      size: 391117387
      nfiles: 160
  train:
    cmd: python scripts/04_train.py --data data/datasets/v1.6/data.yaml
    deps:
    - path: configs/training.yaml
      hash: md5
      md5: 34296a29a7434a42a66972021d72cba1
      size: 791
    - path: data/datasets/v1.6
      hash: md5
      md5: 3baab416b634c04cb7acb5de575ca6e9.dir
      size: 391117387
      nfiles: 160
    - path: scripts/04_train.py
      hash: md5
      md5: d822b47219540dec9b3c44e5bee942a2
      size: 5114
    params:
      params.yaml:
        versions.new: v1.6
    outs:
    - path: models/v1.6/best.pt
      hash: md5
      md5: a220f9899084511482e58764c8fa9686
      size: 5454298
  evaluate:
    cmd: python scripts/05_evaluate.py --new models/v1.6/best.pt --metrics-out 
      runs/evaluate/v1.6.json
    deps:
    - path: configs/training.yaml
      hash: md5
      md5: 34296a29a7434a42a66972021d72cba1
      size: 791
    - path: data/datasets/holdout_test
      hash: md5
      md5: 87f296c28c1cb67e7ea64627e8944884.dir
      size: 47043601
      nfiles: 23
    - path: models/v1.6/best.pt
      hash: md5
      md5: a220f9899084511482e58764c8fa9686
      size: 5454298
    - path: scripts/05_evaluate.py
      hash: md5
      md5: 29db7b8e649cb598576324a137b10433
      size: 4531
    params:
      params.yaml:
        versions.new: v1.6
    outs:
    - path: runs/evaluate/v1.6.json
      hash: md5
      md5: 34d9192d394229eb23b94180ba3743c0
      size: 475
